// !$*UTF8*$!
{
	archiveVersion = 1;
	classes = {
	};
	objectVersion = 48;
	objects = {

/* Begin PBXBuildFile section */
		41670E5B20A1CA8C008C9E09 /* AppDelegate.swift in Sources */ = {isa = PBXBuildFile; fileRef = 41670E5A20A1CA8C008C9E09 /* AppDelegate.swift */; };
		41670E5D20A1CA8C008C9E09 /* ViewController.swift in Sources */ = {isa = PBXBuildFile; fileRef = 41670E5C20A1CA8C008C9E09 /* ViewController.swift */; };
		41670E6020A1CA8C008C9E09 /* Main.storyboard in Resources */ = {isa = PBXBuildFile; fileRef = 41670E5E20A1CA8C008C9E09 /* Main.storyboard */; };
		41670E6220A1CA8C008C9E09 /* Assets.xcassets in Resources */ = {isa = PBXBuildFile; fileRef = 41670E6120A1CA8C008C9E09 /* Assets.xcassets */; };
		41670E6520A1CA8C008C9E09 /* LaunchScreen.storyboard in Resources */ = {isa = PBXBuildFile; fileRef = 41670E6320A1CA8C008C9E09 /* LaunchScreen.storyboard */; };
		5D6F194E0E8A6AD501C29F9A /* Pods_Encription.framework in Frameworks */ = {isa = PBXBuildFile; fileRef = AA5F676D0FA0763EDB2C965F /* Pods_Encription.framework */; };
/* End PBXBuildFile section */

/* Begin PBXFileReference section */
		41670E5720A1CA8C008C9E09 /* Encription.app */ = {isa = PBXFileReference; explicitFileType = wrapper.application; includeInIndex = 0; path = Encription.app; sourceTree = BUILT_PRODUCTS_DIR; };
		41670E5A20A1CA8C008C9E09 /* AppDelegate.swift */ = {isa = PBXFileReference; lastKnownFileType = sourcecode.swift; path = AppDelegate.swift; sourceTree = "<group>"; };
		41670E5C20A1CA8C008C9E09 /* ViewController.swift */ = {isa = PBXFileReference; lastKnownFileType = sourcecode.swift; path = ViewController.swift; sourceTree = "<group>"; };
		41670E5F20A1CA8C008C9E09 /* Base */ = {isa = PBXFileReference; lastKnownFileType = file.storyboard; name = Base; path = Base.lproj/Main.storyboard; sourceTree = "<group>"; };
		41670E6120A1CA8C008C9E09 /* Assets.xcassets */ = {isa = PBXFileReference; lastKnownFileType = folder.assetcatalog; path = Assets.xcassets; sourceTree = "<group>"; };
		41670E6420A1CA8C008C9E09 /* Base */ = {isa = PBXFileReference; lastKnownFileType = file.storyboard; name = Base; path = Base.lproj/LaunchScreen.storyboard; sourceTree = "<group>"; };
		41670E6620A1CA8C008C9E09 /* Info.plist */ = {isa = PBXFileReference; lastKnownFileType = text.plist.xml; path = Info.plist; sourceTree = "<group>"; };
		649ADE8E580A6343D5327088 /* Pods-Encription.release.xcconfig */ = {isa = PBXFileReference; includeInIndex = 1; lastKnownFileType = text.xcconfig; name = "Pods-Encription.release.xcconfig"; path = "Pods/Target Support Files/Pods-Encription/Pods-Encription.release.xcconfig"; sourceTree = "<group>"; };
		675D2B8FBEC5998296BCB00B /* Pods-Encription.debug.xcconfig */ = {isa = PBXFileReference; includeInIndex = 1; lastKnownFileType = text.xcconfig; name = "Pods-Encription.debug.xcconfig"; path = "Pods/Target Support Files/Pods-Encription/Pods-Encription.debug.xcconfig"; sourceTree = "<group>"; };
		AA5F676D0FA0763EDB2C965F /* Pods_Encription.framework */ = {isa = PBXFileReference; explicitFileType = wrapper.framework; includeInIndex = 0; path = Pods_Encription.framework; sourceTree = BUILT_PRODUCTS_DIR; };
/* End PBXFileReference section */

/* Begin PBXFrameworksBuildPhase section */
		41670E5420A1CA8C008C9E09 /* Frameworks */ = {
			isa = PBXFrameworksBuildPhase;
			buildActionMask = 2147483647;
			files = (
				5D6F194E0E8A6AD501C29F9A /* Pods_Encription.framework in Frameworks */,
			);
			runOnlyForDeploymentPostprocessing = 0;
		};
/* End PBXFrameworksBuildPhase section */

/* Begin PBXGroup section */
		2F9AD414E8D9047DE0648A99 /* Pods */ = {
			isa = PBXGroup;
			children = (
				675D2B8FBEC5998296BCB00B /* Pods-Encription.debug.xcconfig */,
				649ADE8E580A6343D5327088 /* Pods-Encription.release.xcconfig */,
			);
			name = Pods;
			sourceTree = "<group>";
		};
		41670E4E20A1CA8C008C9E09 = {
			isa = PBXGroup;
			children = (
				41670E5920A1CA8C008C9E09 /* Encription */,
				41670E5820A1CA8C008C9E09 /* Products */,
				2F9AD414E8D9047DE0648A99 /* Pods */,
				C54996F9F91D8D4905ECFCE2 /* Frameworks */,
			);
			sourceTree = "<group>";
		};
		41670E5820A1CA8C008C9E09 /* Products */ = {
			isa = PBXGroup;
			children = (
				41670E5720A1CA8C008C9E09 /* Encription.app */,
			);
			name = Products;
			sourceTree = "<group>";
		};
		41670E5920A1CA8C008C9E09 /* Encription */ = {
			isa = PBXGroup;
			children = (
				41670E5A20A1CA8C008C9E09 /* AppDelegate.swift */,
				41670E5C20A1CA8C008C9E09 /* ViewController.swift */,
				41670E5E20A1CA8C008C9E09 /* Main.storyboard */,
				41670E6120A1CA8C008C9E09 /* Assets.xcassets */,
				41670E6320A1CA8C008C9E09 /* LaunchScreen.storyboard */,
				41670E6620A1CA8C008C9E09 /* Info.plist */,
			);
			path = Encription;
			sourceTree = "<group>";
		};
		C54996F9F91D8D4905ECFCE2 /* Frameworks */ = {
			isa = PBXGroup;
			children = (
				AA5F676D0FA0763EDB2C965F /* Pods_Encription.framework */,
			);
			name = Frameworks;
			sourceTree = "<group>";
		};
/* End PBXGroup section */

/* Begin PBXNativeTarget section */
		41670E5620A1CA8C008C9E09 /* Encription */ = {
			isa = PBXNativeTarget;
			buildConfigurationList = 41670E6920A1CA8C008C9E09 /* Build configuration list for PBXNativeTarget "Encription" */;
			buildPhases = (
				7E57D44ED9F2F8217C2496F1 /* [CP] Check Pods Manifest.lock */,
				41670E5320A1CA8C008C9E09 /* Sources */,
				41670E5420A1CA8C008C9E09 /* Frameworks */,
				41670E5520A1CA8C008C9E09 /* Resources */,
				A72C7906AB76F8C74B5D6CE9 /* [CP] Embed Pods Frameworks */,
			);
			buildRules = (
			);
			dependencies = (
			);
			name = Encription;
			productName = Encription;
			productReference = 41670E5720A1CA8C008C9E09 /* Encription.app */;
			productType = "com.apple.product-type.application";
		};
/* End PBXNativeTarget section */

/* Begin PBXProject section */
		41670E4F20A1CA8C008C9E09 /* Project object */ = {
			isa = PBXProject;
			attributes = {
				LastSwiftUpdateCheck = 0920;
				LastUpgradeCheck = 0920;
				ORGANIZATIONNAME = Citta.ai;
				TargetAttributes = {
					41670E5620A1CA8C008C9E09 = {
						CreatedOnToolsVersion = 9.2;
						ProvisioningStyle = Automatic;
					};
				};
			};
			buildConfigurationList = 41670E5220A1CA8C008C9E09 /* Build configuration list for PBXProject "Encription" */;
			compatibilityVersion = "Xcode 8.0";
			developmentRegion = en;
			hasScannedForEncodings = 0;
			knownRegions = (
				en,
				Base,
			);
			mainGroup = 41670E4E20A1CA8C008C9E09;
			productRefGroup = 41670E5820A1CA8C008C9E09 /* Products */;
			projectDirPath = "";
			projectRoot = "";
			targets = (
				41670E5620A1CA8C008C9E09 /* Encription */,
			);
		};
/* End PBXProject section */

/* Begin PBXResourcesBuildPhase section */
		41670E5520A1CA8C008C9E09 /* Resources */ = {
			isa = PBXResourcesBuildPhase;
			buildActionMask = 2147483647;
			files = (
				41670E6520A1CA8C008C9E09 /* LaunchScreen.storyboard in Resources */,
				41670E6220A1CA8C008C9E09 /* Assets.xcassets in Resources */,
				41670E6020A1CA8C008C9E09 /* Main.storyboard in Resources */,
			);
			runOnlyForDeploymentPostprocessing = 0;
		};
/* End PBXResourcesBuildPhase section */

/* Begin PBXShellScriptBuildPhase section */
		7E57D44ED9F2F8217C2496F1 /* [CP] Check Pods Manifest.lock */ = {
			isa = PBXShellScriptBuildPhase;
			buildActionMask = 2147483647;
			files = (
			);
			inputPaths = (
				"${PODS_PODFILE_DIR_PATH}/Podfile.lock",
				"${PODS_ROOT}/Manifest.lock",
			);
			name = "[CP] Check Pods Manifest.lock";
			outputPaths = (
				"$(DERIVED_FILE_DIR)/Pods-Encription-checkManifestLockResult.txt",
			);
			runOnlyForDeploymentPostprocessing = 0;
			shellPath = /bin/sh;
			shellScript = "diff \"${PODS_PODFILE_DIR_PATH}/Podfile.lock\" \"${PODS_ROOT}/Manifest.lock\" > /dev/null\nif [ $? != 0 ] ; then\n    # print error to STDERR\n    echo \"error: The sandbox is not in sync with the Podfile.lock. Run 'pod install' or update your CocoaPods installation.\" >&2\n    exit 1\nfi\n# This output is used by Xcode 'outputs' to avoid re-running this script phase.\necho \"SUCCESS\" > \"${SCRIPT_OUTPUT_FILE_0}\"\n";
			showEnvVarsInLog = 0;
		};
		A72C7906AB76F8C74B5D6CE9 /* [CP] Embed Pods Frameworks */ = {
			isa = PBXShellScriptBuildPhase;
			buildActionMask = 2147483647;
			files = (
			);
			inputPaths = (
				"${SRCROOT}/Pods/Target Support Files/Pods-Encription/Pods-Encription-frameworks.sh",
				"${BUILT_PRODUCTS_DIR}/CryptoSwift/CryptoSwift.framework",
			);
			name = "[CP] Embed Pods Frameworks";
			outputPaths = (
				"${TARGET_BUILD_DIR}/${FRAMEWORKS_FOLDER_PATH}/CryptoSwift.framework",
			);
			runOnlyForDeploymentPostprocessing = 0;
			shellPath = /bin/sh;
			shellScript = "\"${SRCROOT}/Pods/Target Support Files/Pods-Encription/Pods-Encription-frameworks.sh\"\n";
			showEnvVarsInLog = 0;
		};
/* End PBXShellScriptBuildPhase section */

/* Begin PBXSourcesBuildPhase section */
		41670E5320A1CA8C008C9E09 /* Sources */ = {
			isa = PBXSourcesBuildPhase;
			buildActionMask = 2147483647;
			files = (
				41670E5D20A1CA8C008C9E09 /* ViewController.swift in Sources */,
				41670E5B20A1CA8C008C9E09 /* AppDelegate.swift in Sources */,
			);
			runOnlyForDeploymentPostprocessing = 0;
		};
/* End PBXSourcesBuildPhase section */

/* Begin PBXVariantGroup section */
		41670E5E20A1CA8C008C9E09 /* Main.storyboard */ = {
			isa = PBXVariantGroup;
			children = (
				41670E5F20A1CA8C008C9E09 /* Base */,
			);
			name = Main.storyboard;
			sourceTree = "<group>";
		};
		41670E6320A1CA8C008C9E09 /* LaunchScreen.storyboard */ = {
			isa = PBXVariantGroup;
			children = (
				41670E6420A1CA8C008C9E09 /* Base */,
			);
			name = LaunchScreen.storyboard;
			sourceTree = "<group>";
		};
/* End PBXVariantGroup section */

/* Begin XCBuildConfiguration section */
		41670E6720A1CA8C008C9E09 /* Debug */ = {
			isa = XCBuildConfiguration;
			buildSettings = {
				ALWAYS_SEARCH_USER_PATHS = NO;
				CLANG_ANALYZER_NONNULL = YES;
				CLANG_ANALYZER_NUMBER_OBJECT_CONVERSION = YES_AGGRESSIVE;
				CLANG_CXX_LANGUAGE_STANDARD = "gnu++14";
				CLANG_CXX_LIBRARY = "libc++";
				CLANG_ENABLE_MODULES = YES;
				CLANG_ENABLE_OBJC_ARC = YES;
				CLANG_WARN_BLOCK_CAPTURE_AUTORELEASING = YES;
				CLANG_WARN_BOOL_CONVERSION = YES;
				CLANG_WARN_COMMA = YES;
				CLANG_WARN_CONSTANT_CONVERSION = YES;
				CLANG_WARN_DIRECT_OBJC_ISA_USAGE = YES_ERROR;
				CLANG_WARN_DOCUMENTATION_COMMENTS = YES;
				CLANG_WARN_EMPTY_BODY = YES;
				CLANG_WARN_ENUM_CONVERSION = YES;
				CLANG_WARN_INFINITE_RECURSION = YES;
				CLANG_WARN_INT_CONVERSION = YES;
				CLANG_WARN_NON_LITERAL_NULL_CONVERSION = YES;
				CLANG_WARN_OBJC_LITERAL_CONVERSION = YES;
				CLANG_WARN_OBJC_ROOT_CLASS = YES_ERROR;
				CLANG_WARN_RANGE_LOOP_ANALYSIS = YES;
				CLANG_WARN_STRICT_PROTOTYPES = YES;
				CLANG_WARN_SUSPICIOUS_MOVE = YES;
				CLANG_WARN_UNGUARDED_AVAILABILITY = YES_AGGRESSIVE;
				CLANG_WARN_UNREACHABLE_CODE = YES;
				CLANG_WARN__DUPLICATE_METHOD_MATCH = YES;
				CODE_SIGN_IDENTITY = "iPhone Developer";
				COPY_PHASE_STRIP = NO;
				DEBUG_INFORMATION_FORMAT = dwarf;
				ENABLE_STRICT_OBJC_MSGSEND = YES;
				ENABLE_TESTABILITY = YES;
				GCC_C_LANGUAGE_STANDARD = gnu11;
				GCC_DYNAMIC_NO_PIC = NO;
				GCC_NO_COMMON_BLOCKS = YES;
				GCC_OPTIMIZATION_LEVEL = 0;
				GCC_PREPROCESSOR_DEFINITIONS = (
					"DEBUG=1",
					"$(inherited)",
				);
				GCC_WARN_64_TO_32_BIT_CONVERSION = YES;
				GCC_WARN_ABOUT_RETURN_TYPE = YES_ERROR;
				GCC_WARN_UNDECLARED_SELECTOR = YES;
				GCC_WARN_UNINITIALIZED_AUTOS = YES_AGGRESSIVE;
				GCC_WARN_UNUSED_FUNCTION = YES;
				GCC_WARN_UNUSED_VARIABLE = YES;
				IPHONEOS_DEPLOYMENT_TARGET = 11.2;
				MTL_ENABLE_DEBUG_INFO = YES;
				ONLY_ACTIVE_ARCH = YES;
				SDKROOT = iphoneos;
				SWIFT_ACTIVE_COMPILATION_CONDITIONS = DEBUG;
				SWIFT_OPTIMIZATION_LEVEL = "-Onone";
			};
			name = Debug;
		};
		41670E6820A1CA8C008C9E09 /* Release */ = {
			isa = XCBuildConfiguration;
			buildSettings = {
				ALWAYS_SEARCH_USER_PATHS = NO;
				CLANG_ANALYZER_NONNULL = YES;
				CLANG_ANALYZER_NUMBER_OBJECT_CONVERSION = YES_AGGRESSIVE;
				CLANG_CXX_LANGUAGE_STANDARD = "gnu++14";
				CLANG_CXX_LIBRARY = "libc++";
				CLANG_ENABLE_MODULES = YES;
				CLANG_ENABLE_OBJC_ARC = YES;
				CLANG_WARN_BLOCK_CAPTURE_AUTORELEASING = YES;
				CLANG_WARN_BOOL_CONVERSION = YES;
				CLANG_WARN_COMMA = YES;
				CLANG_WARN_CONSTANT_CONVERSION = YES;
				CLANG_WARN_DIRECT_OBJC_ISA_USAGE = YES_ERROR;
				CLANG_WARN_DOCUMENTATION_COMMENTS = YES;
				CLANG_WARN_EMPTY_BODY = YES;
				CLANG_WARN_ENUM_CONVERSION = YES;
				CLANG_WARN_INFINITE_RECURSION = YES;
				CLANG_WARN_INT_CONVERSION = YES;
				CLANG_WARN_NON_LITERAL_NULL_CONVERSION = YES;
				CLANG_WARN_OBJC_LITERAL_CONVERSION = YES;
				CLANG_WARN_OBJC_ROOT_CLASS = YES_ERROR;
				CLANG_WARN_RANGE_LOOP_ANALYSIS = YES;
				CLANG_WARN_STRICT_PROTOTYPES = YES;
				CLANG_WARN_SUSPICIOUS_MOVE = YES;
				CLANG_WARN_UNGUARDED_AVAILABILITY = YES_AGGRESSIVE;
				CLANG_WARN_UNREACHABLE_CODE = YES;
				CLANG_WARN__DUPLICATE_METHOD_MATCH = YES;
				CODE_SIGN_IDENTITY = "iPhone Developer";
				COPY_PHASE_STRIP = NO;
				DEBUG_INFORMATION_FORMAT = "dwarf-with-dsym";
				ENABLE_NS_ASSERTIONS = NO;
				ENABLE_STRICT_OBJC_MSGSEND = YES;
				GCC_C_LANGUAGE_STANDARD = gnu11;
				GCC_NO_COMMON_BLOCKS = YES;
				GCC_WARN_64_TO_32_BIT_CONVERSION = YES;
				GCC_WARN_ABOUT_RETURN_TYPE = YES_ERROR;
				GCC_WARN_UNDECLARED_SELECTOR = YES;
				GCC_WARN_UNINITIALIZED_AUTOS = YES_AGGRESSIVE;
				GCC_WARN_UNUSED_FUNCTION = YES;
				GCC_WARN_UNUSED_VARIABLE = YES;
				IPHONEOS_DEPLOYMENT_TARGET = 11.2;
				MTL_ENABLE_DEBUG_INFO = NO;
				SDKROOT = iphoneos;
				SWIFT_OPTIMIZATION_LEVEL = "-Owholemodule";
				VALIDATE_PRODUCT = YES;
			};
			name = Release;
		};
		41670E6A20A1CA8C008C9E09 /* Debug */ = {
			isa = XCBuildConfiguration;
			baseConfigurationReference = 675D2B8FBEC5998296BCB00B /* Pods-Encription.debug.xcconfig */;
			buildSettings = {
				ASSETCATALOG_COMPILER_APPICON_NAME = AppIcon;
				CODE_SIGN_STYLE = Automatic;
				INFOPLIST_FILE = Encription/Info.plist;
				LD_RUNPATH_SEARCH_PATHS = "$(inherited) @executable_path/Frameworks";
				PRODUCT_BUNDLE_IDENTIFIER = ai.citta.Encription;
				PRODUCT_NAME = "$(TARGET_NAME)";
				SWIFT_VERSION = 4.0;
				TARGETED_DEVICE_FAMILY = "1,2";
			};
			name = Debug;
		};
		41670E6B20A1CA8C008C9E09 /* Release */ = {
			isa = XCBuildConfiguration;
			baseConfigurationReference = 649ADE8E580A6343D5327088 /* Pods-Encription.release.xcconfig */;
			buildSettings = {
				ASSETCATALOG_COMPILER_APPICON_NAME = AppIcon;
				CODE_SIGN_STYLE = Automatic;
				INFOPLIST_FILE = Encription/Info.plist;
				LD_RUNPATH_SEARCH_PATHS = "$(inherited) @executable_path/Frameworks";
				PRODUCT_BUNDLE_IDENTIFIER = ai.citta.Encription;
				PRODUCT_NAME = "$(TARGET_NAME)";
				SWIFT_VERSION = 4.0;
				TARGETED_DEVICE_FAMILY = "1,2";
			};
			name = Release;
		};
/* End XCBuildConfiguration section */

/* Begin XCConfigurationList section */
		41670E5220A1CA8C008C9E09 /* Build configuration list for PBXProject "Encription" */ = {
			isa = XCConfigurationList;
			buildConfigurations = (
				41670E6720A1CA8C008C9E09 /* Debug */,
				41670E6820A1CA8C008C9E09 /* Release */,
			);
			defaultConfigurationIsVisible = 0;
			defaultConfigurationName = Release;
		};
		41670E6920A1CA8C008C9E09 /* Build configuration list for PBXNativeTarget "Encription" */ = {
			isa = XCConfigurationList;
			buildConfigurations = (
				41670E6A20A1CA8C008C9E09 /* Debug */,
				41670E6B20A1CA8C008C9E09 /* Release */,
			);
			defaultConfigurationIsVisible = 0;
			defaultConfigurationName = Release;
		};
/* End XCConfigurationList section */
	};
	rootObject = 41670E4F20A1CA8C008C9E09 /* Project object */;
}
